
Microsoft Visual Studio Solution File, Format Version 12.00
# Visual Studio Version 17
VisualStudioVersion = 17.13.35825.156 d17.13
MinimumVisualStudioVersion = 10.0.40219.1
Project("{FAE04EC0-301F-11D3-BF4B-00C04F79EFBC}") = "DispositivoValidatorAPI", "DispositivoValidatorAPI\DispositivoValidatorAPI.csproj", "{6B4180F5-B3E3-47E8-AD00-CF67D2C64654}"
EndProject
Global
	GlobalSection(SolutionConfigurationPlatforms) = preSolution
		Debug|Any CPU = Debug|Any CPU
		Release|Any CPU = Release|Any CPU
	EndGlobalSection
	GlobalSection(ProjectConfigurationPlatforms) = postSolution
		{6B4180F5-B3E3-47E8-AD00-CF67D2C64654}.Debug|Any CPU.ActiveCfg = Debug|Any CPU
		{6B4180F5-B3E3-47E8-AD00-CF67D2C64654}.Debug|Any CPU.Build.0 = Debug|Any CPU
		{6B4180F5-B3E3-47E8-AD00-CF67D2C64654}.Release|Any CPU.ActiveCfg = Release|Any CPU
		{6B4180F5-B3E3-47E8-AD00-CF67D2C64654}.Release|Any CPU.Build.0 = Release|Any CPU
	EndGlobalSection
	GlobalSection(SolutionProperties) = preSolution
		HideSolutionNode = FALSE
	EndGlobalSection
	GlobalSection(ExtensibilityGlobals) = postSolution
		SolutionGuid = {B5CB9892-48E4-47B0-A12E-DDBC93B53E6E}
	EndGlobalSection
EndGlobal
